
Microsoft Visual Studio Solution File, Format Version 12.00
# Visual Studio Version 17
VisualStudioVersion = 17.0.31903.59
MinimumVisualStudioVersion = 10.0.40219.1
Project("{FAE04EC0-301F-11D3-BF4B-00C04F79EFBC}") = "AppHost", "AppHost\AppHost.csproj", "{35528AB9-B6A8-4DBB-8D93-973C2F22427C}"
EndProject
Project("{2150E333-8FDC-42A3-9474-1A3956D46DE8}") = "MSBuildImports", "MSBuildImports", "{02EA681E-C7D8-13C7-8484-4AC65E1B71E8}"
EndProject
Project("{FAE04EC0-301F-11D3-BF4B-00C04F79EFBC}") = "DoYouTrustYourNuGetPackages.MSBuildImports.Package", "DoYouTrustYourNuGetPackages.MSBuildImports.Package\DoYouTrustYourNuGetPackages.MSBuildImports.Package.csproj", "{D48551EA-26D4-48CC-B35E-360110B067C2}"
EndProject
Project("{FAE04EC0-301F-11D3-BF4B-00C04F79EFBC}") = "DoYouTrustYourNuGetPackages.MSBuildImports.Test", "DoYouTrustYourNuGetPackages.MSBuildImports.Test\DoYouTrustYourNuGetPackages.MSBuildImports.Test.csproj", "{3CEEAF82-796C-477D-B5A7-2B92DD27F490}"
EndProject
Project("{2150E333-8FDC-42A3-9474-1A3956D46DE8}") = "PowerShellFiles", "PowerShellFiles", "{0D6E8670-64A6-4E69-B2D2-387477F7AB1D}"
EndProject
Project("{FAE04EC0-301F-11D3-BF4B-00C04F79EFBC}") = "DoYouTrustYourNuGetPackages.PowerShellScripts.Package", "DoYouTrustYourNuGetPackages.PowerShellScripts.Package\DoYouTrustYourNuGetPackages.PowerShellScripts.Package.csproj", "{3C1DFC8C-5F09-43E5-99C3-FFFCE707BDFC}"
EndProject
Project("{2150E333-8FDC-42A3-9474-1A3956D46DE8}") = "CodeTransformation", "CodeTransformation", "{091EC0B1-7B68-4885-80C5-445D641649BE}"
EndProject
Project("{FAE04EC0-301F-11D3-BF4B-00C04F79EFBC}") = "DoYouTrustYourNuGetPackages.CodeTransformation.Package", "DoYouTrustYourNuGetPackages.CodeTransformation.Package\DoYouTrustYourNuGetPackages.CodeTransformation.Package.csproj", "{7A006C1D-DB84-4774-B4CA-C0725A19CFD6}"
EndProject
Project("{FAE04EC0-301F-11D3-BF4B-00C04F79EFBC}") = "DoYouTrustYourNuGetPackages.CodeTransformation.Test", "DoYouTrustYourNuGetPackages.CodeTransformation.Test\DoYouTrustYourNuGetPackages.CodeTransformation.Test.csproj", "{037A5827-C62D-4724-9016-AA3EF2347720}"
EndProject
Project("{2150E333-8FDC-42A3-9474-1A3956D46DE8}") = "Dependencies", "Dependencies", "{CFC8F18C-4599-4BFF-BE73-CEBC22B77A1B}"
EndProject
Project("{FAE04EC0-301F-11D3-BF4B-00C04F79EFBC}") = "Dependencies.Blazor", "Dependencies.Blazor\Dependencies.Blazor.csproj", "{0A859B0A-3869-4785-BA3C-C87B8B23FC9F}"
EndProject
Project("{FAE04EC0-301F-11D3-BF4B-00C04F79EFBC}") = "Dependencies.AspNetCoreApi", "Dependencies.AspNetCoreApi\Dependencies.AspNetCoreApi.csproj", "{EB5F6381-2A81-4D1B-8F70-E90F5DD5F691}"
EndProject
Global
	GlobalSection(SolutionConfigurationPlatforms) = preSolution
		Debug|Any CPU = Debug|Any CPU
		Release|Any CPU = Release|Any CPU
	EndGlobalSection
	GlobalSection(ProjectConfigurationPlatforms) = postSolution
		{35528AB9-B6A8-4DBB-8D93-973C2F22427C}.Debug|Any CPU.ActiveCfg = Debug|Any CPU
		{35528AB9-B6A8-4DBB-8D93-973C2F22427C}.Debug|Any CPU.Build.0 = Debug|Any CPU
		{35528AB9-B6A8-4DBB-8D93-973C2F22427C}.Release|Any CPU.ActiveCfg = Release|Any CPU
		{35528AB9-B6A8-4DBB-8D93-973C2F22427C}.Release|Any CPU.Build.0 = Release|Any CPU
		{D48551EA-26D4-48CC-B35E-360110B067C2}.Debug|Any CPU.ActiveCfg = Debug|Any CPU
		{D48551EA-26D4-48CC-B35E-360110B067C2}.Debug|Any CPU.Build.0 = Debug|Any CPU
		{D48551EA-26D4-48CC-B35E-360110B067C2}.Release|Any CPU.ActiveCfg = Release|Any CPU
		{D48551EA-26D4-48CC-B35E-360110B067C2}.Release|Any CPU.Build.0 = Release|Any CPU
		{3CEEAF82-796C-477D-B5A7-2B92DD27F490}.Debug|Any CPU.ActiveCfg = Debug|Any CPU
		{3CEEAF82-796C-477D-B5A7-2B92DD27F490}.Debug|Any CPU.Build.0 = Debug|Any CPU
		{3CEEAF82-796C-477D-B5A7-2B92DD27F490}.Release|Any CPU.ActiveCfg = Release|Any CPU
		{3CEEAF82-796C-477D-B5A7-2B92DD27F490}.Release|Any CPU.Build.0 = Release|Any CPU
		{3C1DFC8C-5F09-43E5-99C3-FFFCE707BDFC}.Debug|Any CPU.ActiveCfg = Debug|Any CPU
		{3C1DFC8C-5F09-43E5-99C3-FFFCE707BDFC}.Debug|Any CPU.Build.0 = Debug|Any CPU
		{3C1DFC8C-5F09-43E5-99C3-FFFCE707BDFC}.Release|Any CPU.ActiveCfg = Release|Any CPU
		{3C1DFC8C-5F09-43E5-99C3-FFFCE707BDFC}.Release|Any CPU.Build.0 = Release|Any CPU
		{7A006C1D-DB84-4774-B4CA-C0725A19CFD6}.Debug|Any CPU.ActiveCfg = Debug|Any CPU
		{7A006C1D-DB84-4774-B4CA-C0725A19CFD6}.Debug|Any CPU.Build.0 = Debug|Any CPU
		{7A006C1D-DB84-4774-B4CA-C0725A19CFD6}.Release|Any CPU.ActiveCfg = Release|Any CPU
		{7A006C1D-DB84-4774-B4CA-C0725A19CFD6}.Release|Any CPU.Build.0 = Release|Any CPU
		{037A5827-C62D-4724-9016-AA3EF2347720}.Debug|Any CPU.ActiveCfg = Debug|Any CPU
		{037A5827-C62D-4724-9016-AA3EF2347720}.Debug|Any CPU.Build.0 = Debug|Any CPU
		{037A5827-C62D-4724-9016-AA3EF2347720}.Release|Any CPU.ActiveCfg = Release|Any CPU
		{037A5827-C62D-4724-9016-AA3EF2347720}.Release|Any CPU.Build.0 = Release|Any CPU
		{0A859B0A-3869-4785-BA3C-C87B8B23FC9F}.Debug|Any CPU.ActiveCfg = Debug|Any CPU
		{0A859B0A-3869-4785-BA3C-C87B8B23FC9F}.Debug|Any CPU.Build.0 = Debug|Any CPU
		{0A859B0A-3869-4785-BA3C-C87B8B23FC9F}.Release|Any CPU.ActiveCfg = Release|Any CPU
		{0A859B0A-3869-4785-BA3C-C87B8B23FC9F}.Release|Any CPU.Build.0 = Release|Any CPU
		{EB5F6381-2A81-4D1B-8F70-E90F5DD5F691}.Debug|Any CPU.ActiveCfg = Debug|Any CPU
		{EB5F6381-2A81-4D1B-8F70-E90F5DD5F691}.Debug|Any CPU.Build.0 = Debug|Any CPU
		{EB5F6381-2A81-4D1B-8F70-E90F5DD5F691}.Release|Any CPU.ActiveCfg = Release|Any CPU
		{EB5F6381-2A81-4D1B-8F70-E90F5DD5F691}.Release|Any CPU.Build.0 = Release|Any CPU
	EndGlobalSection
	GlobalSection(SolutionProperties) = preSolution
		HideSolutionNode = FALSE
	EndGlobalSection
	GlobalSection(NestedProjects) = preSolution
		{D48551EA-26D4-48CC-B35E-360110B067C2} = {02EA681E-C7D8-13C7-8484-4AC65E1B71E8}
		{3CEEAF82-796C-477D-B5A7-2B92DD27F490} = {02EA681E-C7D8-13C7-8484-4AC65E1B71E8}
		{3C1DFC8C-5F09-43E5-99C3-FFFCE707BDFC} = {0D6E8670-64A6-4E69-B2D2-387477F7AB1D}
		{7A006C1D-DB84-4774-B4CA-C0725A19CFD6} = {091EC0B1-7B68-4885-80C5-445D641649BE}
		{037A5827-C62D-4724-9016-AA3EF2347720} = {091EC0B1-7B68-4885-80C5-445D641649BE}
		{0A859B0A-3869-4785-BA3C-C87B8B23FC9F} = {CFC8F18C-4599-4BFF-BE73-CEBC22B77A1B}
		{EB5F6381-2A81-4D1B-8F70-E90F5DD5F691} = {CFC8F18C-4599-4BFF-BE73-CEBC22B77A1B}
	EndGlobalSection
	GlobalSection(ExtensibilityGlobals) = postSolution
		SolutionGuid = {B3FF4AF7-86BE-4B0B-9A9D-1686A9E2A8E9}
	EndGlobalSection
EndGlobal
